
Microsoft Visual Studio Solution File, Format Version 12.00
# Visual Studio Version 17
VisualStudioVersion = 17.5.33530.505
MinimumVisualStudioVersion = 10.0.40219.1
Project("{9A19103F-16F7-4668-BE54-9A1E7A4F7556}") = "RabbitMQ.Producer", "RabbitMQ.Producer\RabbitMQ.Producer.csproj", "{DB92A161-A28E-41BD-9429-8B1FBAE5A99D}"
EndProject
Project("{FAE04EC0-301F-11D3-BF4B-00C04F79EFBC}") = "RabbitMQ.Consumer", "RabbitMQ.Consumer\RabbitMQ.Consumer.csproj", "{51B7186A-ECC5-4C33-A701-AFFAEEE28C2F}"
EndProject
Project("{FAE04EC0-301F-11D3-BF4B-00C04F79EFBC}") = "RabbitMQ.Common", "RabbitMQ.Common\RabbitMQ.Common.csproj", "{F6AB02C8-552D-4A3E-96FD-540AD4625D34}"
EndProject
Global
	GlobalSection(SolutionConfigurationPlatforms) = preSolution
		Debug|Any CPU = Debug|Any CPU
		Release|Any CPU = Release|Any CPU
	EndGlobalSection
	GlobalSection(ProjectConfigurationPlatforms) = postSolution
		{DB92A161-A28E-41BD-9429-8B1FBAE5A99D}.Debug|Any CPU.ActiveCfg = Debug|Any CPU
		{DB92A161-A28E-41BD-9429-8B1FBAE5A99D}.Debug|Any CPU.Build.0 = Debug|Any CPU
		{DB92A161-A28E-41BD-9429-8B1FBAE5A99D}.Release|Any CPU.ActiveCfg = Release|Any CPU
		{DB92A161-A28E-41BD-9429-8B1FBAE5A99D}.Release|Any CPU.Build.0 = Release|Any CPU
		{51B7186A-ECC5-4C33-A701-AFFAEEE28C2F}.Debug|Any CPU.ActiveCfg = Debug|Any CPU
		{51B7186A-ECC5-4C33-A701-AFFAEEE28C2F}.Debug|Any CPU.Build.0 = Debug|Any CPU
		{51B7186A-ECC5-4C33-A701-AFFAEEE28C2F}.Release|Any CPU.ActiveCfg = Release|Any CPU
		{51B7186A-ECC5-4C33-A701-AFFAEEE28C2F}.Release|Any CPU.Build.0 = Release|Any CPU
		{F6AB02C8-552D-4A3E-96FD-540AD4625D34}.Debug|Any CPU.ActiveCfg = Debug|Any CPU
		{F6AB02C8-552D-4A3E-96FD-540AD4625D34}.Debug|Any CPU.Build.0 = Debug|Any CPU
		{F6AB02C8-552D-4A3E-96FD-540AD4625D34}.Release|Any CPU.ActiveCfg = Release|Any CPU
		{F6AB02C8-552D-4A3E-96FD-540AD4625D34}.Release|Any CPU.Build.0 = Release|Any CPU
	EndGlobalSection
	GlobalSection(SolutionProperties) = preSolution
		HideSolutionNode = FALSE
	EndGlobalSection
	GlobalSection(ExtensibilityGlobals) = postSolution
		SolutionGuid = {264BE915-A9F4-4723-ABCA-6A9A2ACEE37D}
	EndGlobalSection
EndGlobal
